// !$*UTF8*$!
{
	archiveVersion = 1;
	classes = {
	};
	objectVersion = 46;
	objects = {

/* Begin PBXBuildFile section */
		F310BEBB1974195C008D7849 /* Foundation.framework in Frameworks */ = {isa = PBXBuildFile; fileRef = F310BEBA1974195C008D7849 /* Foundation.framework */; };
		F310BEBD1974195C008D7849 /* CoreGraphics.framework in Frameworks */ = {isa = PBXBuildFile; fileRef = F310BEBC1974195C008D7849 /* CoreGraphics.framework */; };
		F310BEBF1974195C008D7849 /* UIKit.framework in Frameworks */ = {isa = PBXBuildFile; fileRef = F310BEBE1974195C008D7849 /* UIKit.framework */; };
		F310BEC51974195C008D7849 /* InfoPlist.strings in Resources */ = {isa = PBXBuildFile; fileRef = F310BEC31974195C008D7849 /* InfoPlist.strings */; };
		F310BEC71974195C008D7849 /* main.m in Sources */ = {isa = PBXBuildFile; fileRef = F310BEC61974195C008D7849 /* main.m */; };
		F310BECB1974195C008D7849 /* TTXCAppDelegate.m in Sources */ = {isa = PBXBuildFile; fileRef = F310BECA1974195C008D7849 /* TTXCAppDelegate.m */; };
		F310BECD1974195C008D7849 /* Images.xcassets in Resources */ = {isa = PBXBuildFile; fileRef = F310BECC1974195C008D7849 /* Images.xcassets */; };
		F310BED41974195C008D7849 /* XCTest.framework in Frameworks */ = {isa = PBXBuildFile; fileRef = F310BED31974195C008D7849 /* XCTest.framework */; };
		F310BED51974195C008D7849 /* Foundation.framework in Frameworks */ = {isa = PBXBuildFile; fileRef = F310BEBA1974195C008D7849 /* Foundation.framework */; };
		F310BED61974195C008D7849 /* UIKit.framework in Frameworks */ = {isa = PBXBuildFile; fileRef = F310BEBE1974195C008D7849 /* UIKit.framework */; };
		F310BEDE1974195C008D7849 /* InfoPlist.strings in Resources */ = {isa = PBXBuildFile; fileRef = F310BEDC1974195C008D7849 /* InfoPlist.strings */; };
		F310BEE01974195C008D7849 /* ttxcTests.m in Sources */ = {isa = PBXBuildFile; fileRef = F310BEDF1974195C008D7849 /* ttxcTests.m */; };
/* End PBXBuildFile section */

/* Begin PBXContainerItemProxy section */
		F310BED71974195C008D7849 /* PBXContainerItemProxy */ = {
			isa = PBXContainerItemProxy;
			containerPortal = F310BEAF1974195C008D7849 /* Project object */;
			proxyType = 1;
			remoteGlobalIDString = F310BEB61974195C008D7849;
			remoteInfo = ttxc;
		};
/* End PBXContainerItemProxy section */

/* Begin PBXFileReference section */
		F310BEB71974195C008D7849 /* ttxc.app */ = {isa = PBXFileReference; explicitFileType = wrapper.application; includeInIndex = 0; path = ttxc.app; sourceTree = BUILT_PRODUCTS_DIR; };
		F310BEBA1974195C008D7849 /* Foundation.framework */ = {isa = PBXFileReference; lastKnownFileType = wrapper.framework; name = Foundation.framework; path = System/Library/Frameworks/Foundation.framework; sourceTree = SDKROOT; };
		F310BEBC1974195C008D7849 /* CoreGraphics.framework */ = {isa = PBXFileReference; lastKnownFileType = wrapper.framework; name = CoreGraphics.framework; path = System/Library/Frameworks/CoreGraphics.framework; sourceTree = SDKROOT; };
		F310BEBE1974195C008D7849 /* UIKit.framework */ = {isa = PBXFileReference; lastKnownFileType = wrapper.framework; name = UIKit.framework; path = System/Library/Frameworks/UIKit.framework; sourceTree = SDKROOT; };
		F310BEC21974195C008D7849 /* ttxc-Info.plist */ = {isa = PBXFileReference; lastKnownFileType = text.plist.xml; path = "ttxc-Info.plist"; sourceTree = "<group>"; };
		F310BEC41974195C008D7849 /* en */ = {isa = PBXFileReference; lastKnownFileType = text.plist.strings; name = en; path = en.lproj/InfoPlist.strings; sourceTree = "<group>"; };
		F310BEC61974195C008D7849 /* main.m */ = {isa = PBXFileReference; lastKnownFileType = sourcecode.c.objc; path = main.m; sourceTree = "<group>"; };
		F310BEC81974195C008D7849 /* ttxc-Prefix.pch */ = {isa = PBXFileReference; lastKnownFileType = sourcecode.c.h; path = "ttxc-Prefix.pch"; sourceTree = "<group>"; };
		F310BEC91974195C008D7849 /* TTXCAppDelegate.h */ = {isa = PBXFileReference; lastKnownFileType = sourcecode.c.h; path = TTXCAppDelegate.h; sourceTree = "<group>"; };
		F310BECA1974195C008D7849 /* TTXCAppDelegate.m */ = {isa = PBXFileReference; lastKnownFileType = sourcecode.c.objc; path = TTXCAppDelegate.m; sourceTree = "<group>"; };
		F310BECC1974195C008D7849 /* Images.xcassets */ = {isa = PBXFileReference; lastKnownFileType = folder.assetcatalog; path = Images.xcassets; sourceTree = "<group>"; };
		F310BED21974195C008D7849 /* ttxcTests.xctest */ = {isa = PBXFileReference; explicitFileType = wrapper.cfbundle; includeInIndex = 0; path = ttxcTests.xctest; sourceTree = BUILT_PRODUCTS_DIR; };
		F310BED31974195C008D7849 /* XCTest.framework */ = {isa = PBXFileReference; lastKnownFileType = wrapper.framework; name = XCTest.framework; path = Library/Frameworks/XCTest.framework; sourceTree = DEVELOPER_DIR; };
		F310BEDB1974195C008D7849 /* ttxcTests-Info.plist */ = {isa = PBXFileReference; lastKnownFileType = text.plist.xml; path = "ttxcTests-Info.plist"; sourceTree = "<group>"; };
		F310BEDD1974195C008D7849 /* en */ = {isa = PBXFileReference; lastKnownFileType = text.plist.strings; name = en; path = en.lproj/InfoPlist.strings; sourceTree = "<group>"; };
		F310BEDF1974195C008D7849 /* ttxcTests.m */ = {isa = PBXFileReference; lastKnownFileType = sourcecode.c.objc; path = ttxcTests.m; sourceTree = "<group>"; };
/* End PBXFileReference section */

/* Begin PBXFrameworksBuildPhase section */
		F310BEB41974195C008D7849 /* Frameworks */ = {
			isa = PBXFrameworksBuildPhase;
			buildActionMask = 2147483647;
			files = (
				F310BEBD1974195C008D7849 /* CoreGraphics.framework in Frameworks */,
				F310BEBF1974195C008D7849 /* UIKit.framework in Frameworks */,
				F310BEBB1974195C008D7849 /* Foundation.framework in Frameworks */,
			);
			runOnlyForDeploymentPostprocessing = 0;
		};
		F310BECF1974195C008D7849 /* Frameworks */ = {
			isa = PBXFrameworksBuildPhase;
			buildActionMask = 2147483647;
			files = (
				F310BED41974195C008D7849 /* XCTest.framework in Frameworks */,
				F310BED61974195C008D7849 /* UIKit.framework in Frameworks */,
				F310BED51974195C008D7849 /* Foundation.framework in Frameworks */,
			);
			runOnlyForDeploymentPostprocessing = 0;
		};
/* End PBXFrameworksBuildPhase section */

/* Begin PBXGroup section */
		F310BEAE1974195C008D7849 = {
			isa = PBXGroup;
			children = (
				F310BEC01974195C008D7849 /* ttxc */,
				F310BED91974195C008D7849 /* ttxcTests */,
				F310BEB91974195C008D7849 /* Frameworks */,
				F310BEB81974195C008D7849 /* Products */,
			);
			sourceTree = "<group>";
		};
		F310BEB81974195C008D7849 /* Products */ = {
			isa = PBXGroup;
			children = (
				F310BEB71974195C008D7849 /* ttxc.app */,
				F310BED21974195C008D7849 /* ttxcTests.xctest */,
			);
			name = Products;
			sourceTree = "<group>";
		};
		F310BEB91974195C008D7849 /* Frameworks */ = {
			isa = PBXGroup;
			children = (
				F310BEBA1974195C008D7849 /* Foundation.framework */,
				F310BEBC1974195C008D7849 /* CoreGraphics.framework */,
				F310BEBE1974195C008D7849 /* UIKit.framework */,
				F310BED31974195C008D7849 /* XCTest.framework */,
			);
			name = Frameworks;
			sourceTree = "<group>";
		};
		F310BEC01974195C008D7849 /* ttxc */ = {
			isa = PBXGroup;
			children = (
				F310BEC91974195C008D7849 /* TTXCAppDelegate.h */,
				F310BECA1974195C008D7849 /* TTXCAppDelegate.m */,
				F310BECC1974195C008D7849 /* Images.xcassets */,
				F310BEC11974195C008D7849 /* Supporting Files */,
			);
			path = ttxc;
			sourceTree = "<group>";
		};
		F310BEC11974195C008D7849 /* Supporting Files */ = {
			isa = PBXGroup;
			children = (
				F310BEC21974195C008D7849 /* ttxc-Info.plist */,
				F310BEC31974195C008D7849 /* InfoPlist.strings */,
				F310BEC61974195C008D7849 /* main.m */,
				F310BEC81974195C008D7849 /* ttxc-Prefix.pch */,
			);
			name = "Supporting Files";
			sourceTree = "<group>";
		};
		F310BED91974195C008D7849 /* ttxcTests */ = {
			isa = PBXGroup;
			children = (
				F310BEDF1974195C008D7849 /* ttxcTests.m */,
				F310BEDA1974195C008D7849 /* Supporting Files */,
			);
			path = ttxcTests;
			sourceTree = "<group>";
		};
		F310BEDA1974195C008D7849 /* Supporting Files */ = {
			isa = PBXGroup;
			children = (
				F310BEDB1974195C008D7849 /* ttxcTests-Info.plist */,
				F310BEDC1974195C008D7849 /* InfoPlist.strings */,
			);
			name = "Supporting Files";
			sourceTree = "<group>";
		};
/* End PBXGroup section */

/* Begin PBXNativeTarget section */
		F310BEB61974195C008D7849 /* ttxc */ = {
			isa = PBXNativeTarget;
			buildConfigurationList = F310BEE31974195C008D7849 /* Build configuration list for PBXNativeTarget "ttxc" */;
			buildPhases = (
				F310BEB31974195C008D7849 /* Sources */,
				F310BEB41974195C008D7849 /* Frameworks */,
				F310BEB51974195C008D7849 /* Resources */,
			);
			buildRules = (
			);
			dependencies = (
			);
			name = ttxc;
			productName = ttxc;
			productReference = F310BEB71974195C008D7849 /* ttxc.app */;
			productType = "com.apple.product-type.application";
		};
		F310BED11974195C008D7849 /* ttxcTests */ = {
			isa = PBXNativeTarget;
			buildConfigurationList = F310BEE61974195C008D7849 /* Build configuration list for PBXNativeTarget "ttxcTests" */;
			buildPhases = (
				F310BECE1974195C008D7849 /* Sources */,
				F310BECF1974195C008D7849 /* Frameworks */,
				F310BED01974195C008D7849 /* Resources */,
			);
			buildRules = (
			);
			dependencies = (
				F310BED81974195C008D7849 /* PBXTargetDependency */,
			);
			name = ttxcTests;
			productName = ttxcTests;
			productReference = F310BED21974195C008D7849 /* ttxcTests.xctest */;
			productType = "com.apple.product-type.bundle.unit-test";
		};
/* End PBXNativeTarget section */

/* Begin PBXProject section */
		F310BEAF1974195C008D7849 /* Project object */ = {
			isa = PBXProject;
			attributes = {
				CLASSPREFIX = TTXC;
				LastUpgradeCheck = 0510;
				ORGANIZATIONNAME = shuaijiman;
				TargetAttributes = {
					F310BED11974195C008D7849 = {
						TestTargetID = F310BEB61974195C008D7849;
					};
				};
			};
			buildConfigurationList = F310BEB21974195C008D7849 /* Build configuration list for PBXProject "ttxc" */;
			compatibilityVersion = "Xcode 3.2";
			developmentRegion = English;
			hasScannedForEncodings = 0;
			knownRegions = (
				en,
			);
			mainGroup = F310BEAE1974195C008D7849;
			productRefGroup = F310BEB81974195C008D7849 /* Products */;
			projectDirPath = "";
			projectRoot = "";
			targets = (
				F310BEB61974195C008D7849 /* ttxc */,
				F310BED11974195C008D7849 /* ttxcTests */,
			);
		};
/* End PBXProject section */

/* Begin PBXResourcesBuildPhase section */
		F310BEB51974195C008D7849 /* Resources */ = {
			isa = PBXResourcesBuildPhase;
			buildActionMask = 2147483647;
			files = (
				F310BEC51974195C008D7849 /* InfoPlist.strings in Resources */,
				F310BECD1974195C008D7849 /* Images.xcassets in Resources */,
			);
			runOnlyForDeploymentPostprocessing = 0;
		};
		F310BED01974195C008D7849 /* Resources */ = {
			isa = PBXResourcesBuildPhase;
			buildActionMask = 2147483647;
			files = (
				F310BEDE1974195C008D7849 /* InfoPlist.strings in Resources */,
			);
			runOnlyForDeploymentPostprocessing = 0;
		};
/* End PBXResourcesBuildPhase section */

/* Begin PBXSourcesBuildPhase section */
		F310BEB31974195C008D7849 /* Sources */ = {
			isa = PBXSourcesBuildPhase;
			buildActionMask = 2147483647;
			files = (
				F310BEC71974195C008D7849 /* main.m in Sources */,
				F310BECB1974195C008D7849 /* TTXCAppDelegate.m in Sources */,
			);
			runOnlyForDeploymentPostprocessing = 0;
		};
		F310BECE1974195C008D7849 /* Sources */ = {
			isa = PBXSourcesBuildPhase;
			buildActionMask = 2147483647;
			files = (
				F310BEE01974195C008D7849 /* ttxcTests.m in Sources */,
			);
			runOnlyForDeploymentPostprocessing = 0;
		};
/* End PBXSourcesBuildPhase section */

/* Begin PBXTargetDependency section */
		F310BED81974195C008D7849 /* PBXTargetDependency */ = {
			isa = PBXTargetDependency;
			target = F310BEB61974195C008D7849 /* ttxc */;
			targetProxy = F310BED71974195C008D7849 /* PBXContainerItemProxy */;
		};
/* End PBXTargetDependency section */

/* Begin PBXVariantGroup section */
		F310BEC31974195C008D7849 /* InfoPlist.strings */ = {
			isa = PBXVariantGroup;
			children = (
				F310BEC41974195C008D7849 /* en */,
			);
			name = InfoPlist.strings;
			sourceTree = "<group>";
		};
		F310BEDC1974195C008D7849 /* InfoPlist.strings */ = {
			isa = PBXVariantGroup;
			children = (
				F310BEDD1974195C008D7849 /* en */,
			);
			name = InfoPlist.strings;
			sourceTree = "<group>";
		};
/* End PBXVariantGroup section */

/* Begin XCBuildConfiguration section */
		F310BEE11974195C008D7849 /* Debug */ = {
			isa = XCBuildConfiguration;
			buildSettings = {
				ALWAYS_SEARCH_USER_PATHS = NO;
				CLANG_CXX_LANGUAGE_STANDARD = "gnu++0x";
				CLANG_CXX_LIBRARY = "libc++";
				CLANG_ENABLE_MODULES = YES;
				CLANG_ENABLE_OBJC_ARC = YES;
				CLANG_WARN_BOOL_CONVERSION = YES;
				CLANG_WARN_CONSTANT_CONVERSION = YES;
				CLANG_WARN_DIRECT_OBJC_ISA_USAGE = YES_ERROR;
				CLANG_WARN_EMPTY_BODY = YES;
				CLANG_WARN_ENUM_CONVERSION = YES;
				CLANG_WARN_INT_CONVERSION = YES;
				CLANG_WARN_OBJC_ROOT_CLASS = YES_ERROR;
				CLANG_WARN__DUPLICATE_METHOD_MATCH = YES;
				"CODE_SIGN_IDENTITY[sdk=iphoneos*]" = "iPhone Developer";
				COPY_PHASE_STRIP = NO;
				GCC_C_LANGUAGE_STANDARD = gnu99;
				GCC_DYNAMIC_NO_PIC = NO;
				GCC_OPTIMIZATION_LEVEL = 0;
				GCC_PREPROCESSOR_DEFINITIONS = (
					"DEBUG=1",
					"$(inherited)",
				);
				GCC_SYMBOLS_PRIVATE_EXTERN = NO;
				GCC_WARN_64_TO_32_BIT_CONVERSION = YES;
				GCC_WARN_ABOUT_RETURN_TYPE = YES_ERROR;
				GCC_WARN_UNDECLARED_SELECTOR = YES;
				GCC_WARN_UNINITIALIZED_AUTOS = YES_AGGRESSIVE;
				GCC_WARN_UNUSED_FUNCTION = YES;
				GCC_WARN_UNUSED_VARIABLE = YES;
				IPHONEOS_DEPLOYMENT_TARGET = 7.1;
				ONLY_ACTIVE_ARCH = YES;
				SDKROOT = iphoneos;
			};
			name = Debug;
		};
		F310BEE21974195C008D7849 /* Release */ = {
			isa = XCBuildConfiguration;
			buildSettings = {
				ALWAYS_SEARCH_USER_PATHS = NO;
				CLANG_CXX_LANGUAGE_STANDARD = "gnu++0x";
				CLANG_CXX_LIBRARY = "libc++";
				CLANG_ENABLE_MODULES = YES;
				CLANG_ENABLE_OBJC_ARC = YES;
				CLANG_WARN_BOOL_CONVERSION = YES;
				CLANG_WARN_CONSTANT_CONVERSION = YES;
				CLANG_WARN_DIRECT_OBJC_ISA_USAGE = YES_ERROR;
				CLANG_WARN_EMPTY_BODY = YES;
				CLANG_WARN_ENUM_CONVERSION = YES;
				CLANG_WARN_INT_CONVERSION = YES;
				CLANG_WARN_OBJC_ROOT_CLASS = YES_ERROR;
				CLANG_WARN__DUPLICATE_METHOD_MATCH = YES;
				"CODE_SIGN_IDENTITY[sdk=iphoneos*]" = "iPhone Developer";
				COPY_PHASE_STRIP = YES;
				ENABLE_NS_ASSERTIONS = NO;
				GCC_C_LANGUAGE_STANDARD = gnu99;
				GCC_WARN_64_TO_32_BIT_CONVERSION = YES;
				GCC_WARN_ABOUT_RETURN_TYPE = YES_ERROR;
				GCC_WARN_UNDECLARED_SELECTOR = YES;
				GCC_WARN_UNINITIALIZED_AUTOS = YES_AGGRESSIVE;
				GCC_WARN_UNUSED_FUNCTION = YES;
				GCC_WARN_UNUSED_VARIABLE = YES;
				IPHONEOS_DEPLOYMENT_TARGET = 7.1;
				SDKROOT = iphoneos;
				VALIDATE_PRODUCT = YES;
			};
			name = Release;
		};
		F310BEE41974195C008D7849 /* Debug */ = {
			isa = XCBuildConfiguration;
			buildSettings = {
				ASSETCATALOG_COMPILER_APPICON_NAME = AppIcon;
				ASSETCATALOG_COMPILER_LAUNCHIMAGE_NAME = LaunchImage;
				GCC_PRECOMPILE_PREFIX_HEADER = YES;
				GCC_PREFIX_HEADER = "ttxc/ttxc-Prefix.pch";
				INFOPLIST_FILE = "ttxc/ttxc-Info.plist";
				PRODUCT_NAME = "$(TARGET_NAME)";
				WRAPPER_EXTENSION = app;
			};
			name = Debug;
		};
		F310BEE51974195C008D7849 /* Release */ = {
			isa = XCBuildConfiguration;
			buildSettings = {
				ASSETCATALOG_COMPILER_APPICON_NAME = AppIcon;
				ASSETCATALOG_COMPILER_LAUNCHIMAGE_NAME = LaunchImage;
				GCC_PRECOMPILE_PREFIX_HEADER = YES;
				GCC_PREFIX_HEADER = "ttxc/ttxc-Prefix.pch";
				INFOPLIST_FILE = "ttxc/ttxc-Info.plist";
				PRODUCT_NAME = "$(TARGET_NAME)";
				WRAPPER_EXTENSION = app;
			};
			name = Release;
		};
		F310BEE71974195C008D7849 /* Debug */ = {
			isa = XCBuildConfiguration;
			buildSettings = {
				BUNDLE_LOADER = "$(BUILT_PRODUCTS_DIR)/ttxc.app/ttxc";
				FRAMEWORK_SEARCH_PATHS = (
					"$(SDKROOT)/Developer/Library/Frameworks",
					"$(inherited)",
					"$(DEVELOPER_FRAMEWORKS_DIR)",
				);
				GCC_PRECOMPILE_PREFIX_HEADER = YES;
				GCC_PREFIX_HEADER = "ttxc/ttxc-Prefix.pch";
				GCC_PREPROCESSOR_DEFINITIONS = (
					"DEBUG=1",
					"$(inherited)",
				);
				INFOPLIST_FILE = "ttxcTests/ttxcTests-Info.plist";
				PRODUCT_NAME = "$(TARGET_NAME)";
				TEST_HOST = "$(BUNDLE_LOADER)";
				WRAPPER_EXTENSION = xctest;
			};
			name = Debug;
		};
		F310BEE81974195C008D7849 /* Release */ = {
			isa = XCBuildConfiguration;
			buildSettings = {
				BUNDLE_LOADER = "$(BUILT_PRODUCTS_DIR)/ttxc.app/ttxc";
				FRAMEWORK_SEARCH_PATHS = (
					"$(SDKROOT)/Developer/Library/Frameworks",
					"$(inherited)",
					"$(DEVELOPER_FRAMEWORKS_DIR)",
				);
				GCC_PRECOMPILE_PREFIX_HEADER = YES;
				GCC_PREFIX_HEADER = "ttxc/ttxc-Prefix.pch";
				INFOPLIST_FILE = "ttxcTests/ttxcTests-Info.plist";
				PRODUCT_NAME = "$(TARGET_NAME)";
				TEST_HOST = "$(BUNDLE_LOADER)";
				WRAPPER_EXTENSION = xctest;
			};
			name = Release;
		};
/* End XCBuildConfiguration section */

/* Begin XCConfigurationList section */
		F310BEB21974195C008D7849 /* Build configuration list for PBXProject "ttxc" */ = {
			isa = XCConfigurationList;
			buildConfigurations = (
				F310BEE11974195C008D7849 /* Debug */,
				F310BEE21974195C008D7849 /* Release */,
			);
			defaultConfigurationIsVisible = 0;
			defaultConfigurationName = Release;
		};
		F310BEE31974195C008D7849 /* Build configuration list for PBXNativeTarget "ttxc" */ = {
			isa = XCConfigurationList;
			buildConfigurations = (
				F310BEE41974195C008D7849 /* Debug */,
				F310BEE51974195C008D7849 /* Release */,
			);
			defaultConfigurationIsVisible = 0;
		};
		F310BEE61974195C008D7849 /* Build configuration list for PBXNativeTarget "ttxcTests" */ = {
			isa = XCConfigurationList;
			buildConfigurations = (
				F310BEE71974195C008D7849 /* Debug */,
				F310BEE81974195C008D7849 /* Release */,
			);
			defaultConfigurationIsVisible = 0;
		};
/* End XCConfigurationList section */
	};
	rootObject = F310BEAF1974195C008D7849 /* Project object */;
}
